
Microsoft Visual Studio Solution File, Format Version 12.00
# Visual Studio Version 17
VisualStudioVersion = 17.7.34202.233
MinimumVisualStudioVersion = 10.0.40219.1
Project("{FAE04EC0-301F-11D3-BF4B-00C04F79EFBC}") = "CadastroFuncionario", "CadastroFuncionario\CadastroFuncionario.csproj", "{58894AE7-BB72-4E3F-A135-7FE0999D7186}"
EndProject
Global
	GlobalSection(SolutionConfigurationPlatforms) = preSolution
		Debug|Any CPU = Debug|Any CPU
		Release|Any CPU = Release|Any CPU
	EndGlobalSection
	GlobalSection(ProjectConfigurationPlatforms) = postSolution
		{58894AE7-BB72-4E3F-A135-7FE0999D7186}.Debug|Any CPU.ActiveCfg = Debug|Any CPU
		{58894AE7-BB72-4E3F-A135-7FE0999D7186}.Debug|Any CPU.Build.0 = Debug|Any CPU
		{58894AE7-BB72-4E3F-A135-7FE0999D7186}.Release|Any CPU.ActiveCfg = Release|Any CPU
		{58894AE7-BB72-4E3F-A135-7FE0999D7186}.Release|Any CPU.Build.0 = Release|Any CPU
	EndGlobalSection
	GlobalSection(SolutionProperties) = preSolution
		HideSolutionNode = FALSE
	EndGlobalSection
	GlobalSection(ExtensibilityGlobals) = postSolution
		SolutionGuid = {A2C89851-1D31-4AA1-AE58-2C3E005D970A}
	EndGlobalSection
EndGlobal
